
Microsoft Visual Studio Solution File, Format Version 12.00
# Visual Studio 15
VisualStudioVersion = 15.0.26124.0
MinimumVisualStudioVersion = 15.0.26124.0
Project("{FAE04EC0-301F-11D3-BF4B-00C04F79EFBC}") = "ATM.Console", "ATM.Console\ATMConsole.csproj", "{3C078D59-7DAC-41F7-AF7F-758C077AA2CF}"
EndProject
Project("{FAE04EC0-301F-11D3-BF4B-00C04F79EFBC}") = "ATM.Tests", "ATM.Tests\ATMTests.csproj", "{F089CC1C-E86D-4F63-AD15-F0F8C486DD99}"
EndProject
Global
	GlobalSection(SolutionConfigurationPlatforms) = preSolution
		Debug|Any CPU = Debug|Any CPU
		Debug|x64 = Debug|x64
		Debug|x86 = Debug|x86
		Release|Any CPU = Release|Any CPU
		Release|x64 = Release|x64
		Release|x86 = Release|x86
	EndGlobalSection
	GlobalSection(SolutionProperties) = preSolution
		HideSolutionNode = FALSE
	EndGlobalSection
	GlobalSection(ProjectConfigurationPlatforms) = postSolution
		{3C078D59-7DAC-41F7-AF7F-758C077AA2CF}.Debug|Any CPU.ActiveCfg = Debug|Any CPU
		{3C078D59-7DAC-41F7-AF7F-758C077AA2CF}.Debug|Any CPU.Build.0 = Debug|Any CPU
		{3C078D59-7DAC-41F7-AF7F-758C077AA2CF}.Debug|x64.ActiveCfg = Debug|Any CPU
		{3C078D59-7DAC-41F7-AF7F-758C077AA2CF}.Debug|x64.Build.0 = Debug|Any CPU
		{3C078D59-7DAC-41F7-AF7F-758C077AA2CF}.Debug|x86.ActiveCfg = Debug|Any CPU
		{3C078D59-7DAC-41F7-AF7F-758C077AA2CF}.Debug|x86.Build.0 = Debug|Any CPU
		{3C078D59-7DAC-41F7-AF7F-758C077AA2CF}.Release|Any CPU.ActiveCfg = Release|Any CPU
		{3C078D59-7DAC-41F7-AF7F-758C077AA2CF}.Release|Any CPU.Build.0 = Release|Any CPU
		{3C078D59-7DAC-41F7-AF7F-758C077AA2CF}.Release|x64.ActiveCfg = Release|Any CPU
		{3C078D59-7DAC-41F7-AF7F-758C077AA2CF}.Release|x64.Build.0 = Release|Any CPU
		{3C078D59-7DAC-41F7-AF7F-758C077AA2CF}.Release|x86.ActiveCfg = Release|Any CPU
		{3C078D59-7DAC-41F7-AF7F-758C077AA2CF}.Release|x86.Build.0 = Release|Any CPU
		{F089CC1C-E86D-4F63-AD15-F0F8C486DD99}.Debug|Any CPU.ActiveCfg = Debug|Any CPU
		{F089CC1C-E86D-4F63-AD15-F0F8C486DD99}.Debug|Any CPU.Build.0 = Debug|Any CPU
		{F089CC1C-E86D-4F63-AD15-F0F8C486DD99}.Debug|x64.ActiveCfg = Debug|Any CPU
		{F089CC1C-E86D-4F63-AD15-F0F8C486DD99}.Debug|x64.Build.0 = Debug|Any CPU
		{F089CC1C-E86D-4F63-AD15-F0F8C486DD99}.Debug|x86.ActiveCfg = Debug|Any CPU
		{F089CC1C-E86D-4F63-AD15-F0F8C486DD99}.Debug|x86.Build.0 = Debug|Any CPU
		{F089CC1C-E86D-4F63-AD15-F0F8C486DD99}.Release|Any CPU.ActiveCfg = Release|Any CPU
		{F089CC1C-E86D-4F63-AD15-F0F8C486DD99}.Release|Any CPU.Build.0 = Release|Any CPU
		{F089CC1C-E86D-4F63-AD15-F0F8C486DD99}.Release|x64.ActiveCfg = Release|Any CPU
		{F089CC1C-E86D-4F63-AD15-F0F8C486DD99}.Release|x64.Build.0 = Release|Any CPU
		{F089CC1C-E86D-4F63-AD15-F0F8C486DD99}.Release|x86.ActiveCfg = Release|Any CPU
		{F089CC1C-E86D-4F63-AD15-F0F8C486DD99}.Release|x86.Build.0 = Release|Any CPU
	EndGlobalSection
EndGlobal
